
Microsoft Visual Studio Solution File, Format Version 12.00
# Visual Studio Version 17
VisualStudioVersion = 17.5.33530.505
MinimumVisualStudioVersion = 10.0.40219.1
Project("{9A19103F-16F7-4668-BE54-9A1E7A4F7556}") = "Hackathon2Application", "Hackathon2Application\Hackathon2Application.csproj", "{830DF0B9-0C99-43A8-A7CB-227B51530F73}"
EndProject
Project("{9A19103F-16F7-4668-BE54-9A1E7A4F7556}") = "Hackathon2.Core", "Hackathon2.Core\Hackathon2.Core.csproj", "{0DBB9D3C-5410-4F5F-92EC-F249110680BD}"
EndProject
Project("{9A19103F-16F7-4668-BE54-9A1E7A4F7556}") = "Hackathon2.Infrastructure", "Hackathon2.Infrastructure\Hackathon2.Infrastructure.csproj", "{81BAA2E1-02BF-48DB-900D-7D06846ACF29}"
EndProject
Global
	GlobalSection(SolutionConfigurationPlatforms) = preSolution
		Debug|Any CPU = Debug|Any CPU
		Release|Any CPU = Release|Any CPU
	EndGlobalSection
	GlobalSection(ProjectConfigurationPlatforms) = postSolution
		{830DF0B9-0C99-43A8-A7CB-227B51530F73}.Debug|Any CPU.ActiveCfg = Debug|Any CPU
		{830DF0B9-0C99-43A8-A7CB-227B51530F73}.Debug|Any CPU.Build.0 = Debug|Any CPU
		{830DF0B9-0C99-43A8-A7CB-227B51530F73}.Release|Any CPU.ActiveCfg = Release|Any CPU
		{830DF0B9-0C99-43A8-A7CB-227B51530F73}.Release|Any CPU.Build.0 = Release|Any CPU
		{0DBB9D3C-5410-4F5F-92EC-F249110680BD}.Debug|Any CPU.ActiveCfg = Debug|Any CPU
		{0DBB9D3C-5410-4F5F-92EC-F249110680BD}.Debug|Any CPU.Build.0 = Debug|Any CPU
		{0DBB9D3C-5410-4F5F-92EC-F249110680BD}.Release|Any CPU.ActiveCfg = Release|Any CPU
		{0DBB9D3C-5410-4F5F-92EC-F249110680BD}.Release|Any CPU.Build.0 = Release|Any CPU
		{81BAA2E1-02BF-48DB-900D-7D06846ACF29}.Debug|Any CPU.ActiveCfg = Debug|Any CPU
		{81BAA2E1-02BF-48DB-900D-7D06846ACF29}.Debug|Any CPU.Build.0 = Debug|Any CPU
		{81BAA2E1-02BF-48DB-900D-7D06846ACF29}.Release|Any CPU.ActiveCfg = Release|Any CPU
		{81BAA2E1-02BF-48DB-900D-7D06846ACF29}.Release|Any CPU.Build.0 = Release|Any CPU
	EndGlobalSection
	GlobalSection(SolutionProperties) = preSolution
		HideSolutionNode = FALSE
	EndGlobalSection
	GlobalSection(ExtensibilityGlobals) = postSolution
		SolutionGuid = {617F5CD2-631C-4562-95AA-EF8A2D52CBA9}
	EndGlobalSection
EndGlobal
